{
  "originHash" : "c0e9a08f5f133b1f1e77a47a6e88f9667bb34bf67a08d32b26306ddf141f2b5a",
  "pins" : [
    {
      "identity" : "swift-argument-parser",
      "kind" : "remoteSourceControl",
      "location" : "https://github.com/apple/swift-argument-parser.git",
      "state" : {
        "revision" : "c5d11a805e765f52ba34ec7284bd4fcd6ba68615",
        "version" : "1.7.0"
      }
    },
    {
      "identity" : "xdecodable",
      "kind" : "remoteSourceControl",
      "location" : "https://github.com/macshome/Xdecodable",
      "state" : {
        "revision" : "a4e1714a6f495ee2bf62fc475999f23918e43c94",
        "version" : "1.0.4"
      }
    }
  ],
  "version" : 3
}
