{
  "originHash" : "b19776c9c65ab48a4b6938525881b09484f142b07efc1ee4a4b8478da598c6d2",
  "pins" : [
    {
      "identity" : "swift-argument-parser",
      "kind" : "remoteSourceControl",
      "location" : "https://github.com/apple/swift-argument-parser.git",
      "state" : {
        "revision" : "c5d11a805e765f52ba34ec7284bd4fcd6ba68615",
        "version" : "1.7.0"
      }
    },
    {
      "identity" : "xdecodable",
      "kind" : "remoteSourceControl",
      "location" : "https://github.com/macshome/Xdecodable",
      "state" : {
        "revision" : "c23bb8d6a160d4451497d47cc145e355882ada08",
        "version" : "1.0.5"
      }
    }
  ],
  "version" : 3
}
